
Microsoft Visual Studio Solution File, Format Version 12.00
# Visual Studio Version 17
VisualStudioVersion = 17.7.34018.315
MinimumVisualStudioVersion = 10.0.40219.1
Project("{FAE04EC0-301F-11D3-BF4B-00C04F79EFBC}") = "ModeloParcialApp", "ModeloParcialApp\ModeloParcialApp.csproj", "{3078B9D8-37F7-4449-8BE7-638D55FC3B1C}"
EndProject
Global
	GlobalSection(SolutionConfigurationPlatforms) = preSolution
		Debug|Any CPU = Debug|Any CPU
		Release|Any CPU = Release|Any CPU
	EndGlobalSection
	GlobalSection(ProjectConfigurationPlatforms) = postSolution
		{3078B9D8-37F7-4449-8BE7-638D55FC3B1C}.Debug|Any CPU.ActiveCfg = Debug|Any CPU
		{3078B9D8-37F7-4449-8BE7-638D55FC3B1C}.Debug|Any CPU.Build.0 = Debug|Any CPU
		{3078B9D8-37F7-4449-8BE7-638D55FC3B1C}.Release|Any CPU.ActiveCfg = Release|Any CPU
		{3078B9D8-37F7-4449-8BE7-638D55FC3B1C}.Release|Any CPU.Build.0 = Release|Any CPU
	EndGlobalSection
	GlobalSection(SolutionProperties) = preSolution
		HideSolutionNode = FALSE
	EndGlobalSection
	GlobalSection(ExtensibilityGlobals) = postSolution
		SolutionGuid = {15EDC887-44A4-4803-866A-FD787FC87FDA}
	EndGlobalSection
EndGlobal
